// !$*UTF8*$!
{
	archiveVersion = 1;
	classes = {
	};
	objectVersion = 46;
	objects = {

/* Begin PBXBuildFile section */
		0415BF381DA7EAA10095B73B /* AppDelegate.swift in Sources */ = {isa = PBXBuildFile; fileRef = 0415BF371DA7EAA10095B73B /* AppDelegate.swift */; };
		0415BF3A1DA7EAA10095B73B /* SearchViewController.swift in Sources */ = {isa = PBXBuildFile; fileRef = 0415BF391DA7EAA10095B73B /* SearchViewController.swift */; };
		0415BF3D1DA7EAA10095B73B /* Main.storyboard in Resources */ = {isa = PBXBuildFile; fileRef = 0415BF3B1DA7EAA10095B73B /* Main.storyboard */; };
		0415BF3F1DA7EAA10095B73B /* Assets.xcassets in Resources */ = {isa = PBXBuildFile; fileRef = 0415BF3E1DA7EAA10095B73B /* Assets.xcassets */; };
		0415BF421DA7EAA10095B73B /* LaunchScreen.storyboard in Resources */ = {isa = PBXBuildFile; fileRef = 0415BF401DA7EAA10095B73B /* LaunchScreen.storyboard */; };
		0415BF4D1DA7EAA10095B73B /* Flickr_FinderTests.swift in Sources */ = {isa = PBXBuildFile; fileRef = 0415BF4C1DA7EAA10095B73B /* Flickr_FinderTests.swift */; };
		0415BF581DA7EAA10095B73B /* Flickr_FinderUITests.swift in Sources */ = {isa = PBXBuildFile; fileRef = 0415BF571DA7EAA10095B73B /* Flickr_FinderUITests.swift */; };
		047C72061DA7FD1900319DC9 /* PhotoCellTableViewCell.swift in Sources */ = {isa = PBXBuildFile; fileRef = 047C72051DA7FD1900319DC9 /* PhotoCellTableViewCell.swift */; };
		047C720D1DA7FF5400319DC9 /* Constants.swift in Sources */ = {isa = PBXBuildFile; fileRef = 047C720C1DA7FF5400319DC9 /* Constants.swift */; };
		047C720E1DA7FF5400319DC9 /* Constants.swift in Sources */ = {isa = PBXBuildFile; fileRef = 047C720C1DA7FF5400319DC9 /* Constants.swift */; };
		047C720F1DA7FF5400319DC9 /* Constants.swift in Sources */ = {isa = PBXBuildFile; fileRef = 047C720C1DA7FF5400319DC9 /* Constants.swift */; };
		04DC13011DA983C8007BB92C /* PhotoModel.swift in Sources */ = {isa = PBXBuildFile; fileRef = 04DC13001DA983C8007BB92C /* PhotoModel.swift */; };
		04DC13031DA98514007BB92C /* NetworkModel.swift in Sources */ = {isa = PBXBuildFile; fileRef = 04DC13021DA98514007BB92C /* NetworkModel.swift */; };
		04DC13051DA98FB0007BB92C /* PhotoGettingWrapper.swift in Sources */ = {isa = PBXBuildFile; fileRef = 04DC13041DA98FB0007BB92C /* PhotoGettingWrapper.swift */; };
		04DC13071DA994D5007BB92C /* FlickrParsingHandler.swift in Sources */ = {isa = PBXBuildFile; fileRef = 04DC13061DA994D5007BB92C /* FlickrParsingHandler.swift */; };
		2AF5B5857E1EBB5A3EFBE424 /* Pods_Flickr_Finder.framework in Frameworks */ = {isa = PBXBuildFile; fileRef = 59395D6F6C0D36B7AED8158E /* Pods_Flickr_Finder.framework */; };
		A2FA38BBE34506CA52836EF5 /* Pods_Flickr_FinderTests.framework in Frameworks */ = {isa = PBXBuildFile; fileRef = 92E86606F974BDFD5BCB1B45 /* Pods_Flickr_FinderTests.framework */; };
		D7A403DD1954F20CD84620F3 /* Pods_Flickr_FinderUITests.framework in Frameworks */ = {isa = PBXBuildFile; fileRef = 08586D657D73984F8D8EBEC2 /* Pods_Flickr_FinderUITests.framework */; };
/* End PBXBuildFile section */

/* Begin PBXContainerItemProxy section */
		0415BF491DA7EAA10095B73B /* PBXContainerItemProxy */ = {
			isa = PBXContainerItemProxy;
			containerPortal = 0415BF2C1DA7EAA10095B73B /* Project object */;
			proxyType = 1;
			remoteGlobalIDString = 0415BF331DA7EAA10095B73B;
			remoteInfo = "Flickr Finder";
		};
		0415BF541DA7EAA10095B73B /* PBXContainerItemProxy */ = {
			isa = PBXContainerItemProxy;
			containerPortal = 0415BF2C1DA7EAA10095B73B /* Project object */;
			proxyType = 1;
			remoteGlobalIDString = 0415BF331DA7EAA10095B73B;
			remoteInfo = "Flickr Finder";
		};
/* End PBXContainerItemProxy section */

/* Begin PBXFileReference section */
		0415BF341DA7EAA10095B73B /* Flickr Finder.app */ = {isa = PBXFileReference; explicitFileType = wrapper.application; includeInIndex = 0; path = "Flickr Finder.app"; sourceTree = BUILT_PRODUCTS_DIR; };
		0415BF371DA7EAA10095B73B /* AppDelegate.swift */ = {isa = PBXFileReference; lastKnownFileType = sourcecode.swift; path = AppDelegate.swift; sourceTree = "<group>"; };
		0415BF391DA7EAA10095B73B /* SearchViewController.swift */ = {isa = PBXFileReference; lastKnownFileType = sourcecode.swift; path = SearchViewController.swift; sourceTree = "<group>"; };
		0415BF3C1DA7EAA10095B73B /* Base */ = {isa = PBXFileReference; lastKnownFileType = file.storyboard; name = Base; path = Base.lproj/Main.storyboard; sourceTree = "<group>"; };
		0415BF3E1DA7EAA10095B73B /* Assets.xcassets */ = {isa = PBXFileReference; lastKnownFileType = folder.assetcatalog; path = Assets.xcassets; sourceTree = "<group>"; };
		0415BF411DA7EAA10095B73B /* Base */ = {isa = PBXFileReference; lastKnownFileType = file.storyboard; name = Base; path = Base.lproj/LaunchScreen.storyboard; sourceTree = "<group>"; };
		0415BF431DA7EAA10095B73B /* Info.plist */ = {isa = PBXFileReference; lastKnownFileType = text.plist.xml; path = Info.plist; sourceTree = "<group>"; };
		0415BF481DA7EAA10095B73B /* Flickr FinderTests.xctest */ = {isa = PBXFileReference; explicitFileType = wrapper.cfbundle; includeInIndex = 0; path = "Flickr FinderTests.xctest"; sourceTree = BUILT_PRODUCTS_DIR; };
		0415BF4C1DA7EAA10095B73B /* Flickr_FinderTests.swift */ = {isa = PBXFileReference; lastKnownFileType = sourcecode.swift; path = Flickr_FinderTests.swift; sourceTree = "<group>"; };
		0415BF4E1DA7EAA10095B73B /* Info.plist */ = {isa = PBXFileReference; lastKnownFileType = text.plist.xml; path = Info.plist; sourceTree = "<group>"; };
		0415BF531DA7EAA10095B73B /* Flickr FinderUITests.xctest */ = {isa = PBXFileReference; explicitFileType = wrapper.cfbundle; includeInIndex = 0; path = "Flickr FinderUITests.xctest"; sourceTree = BUILT_PRODUCTS_DIR; };
		0415BF571DA7EAA10095B73B /* Flickr_FinderUITests.swift */ = {isa = PBXFileReference; lastKnownFileType = sourcecode.swift; path = Flickr_FinderUITests.swift; sourceTree = "<group>"; };
		0415BF591DA7EAA10095B73B /* Info.plist */ = {isa = PBXFileReference; lastKnownFileType = text.plist.xml; path = Info.plist; sourceTree = "<group>"; };
		047C72051DA7FD1900319DC9 /* PhotoCellTableViewCell.swift */ = {isa = PBXFileReference; fileEncoding = 4; lastKnownFileType = sourcecode.swift; path = PhotoCellTableViewCell.swift; sourceTree = "<group>"; };
		047C720C1DA7FF5400319DC9 /* Constants.swift */ = {isa = PBXFileReference; fileEncoding = 4; lastKnownFileType = sourcecode.swift; path = Constants.swift; sourceTree = "<group>"; };
		04DC13001DA983C8007BB92C /* PhotoModel.swift */ = {isa = PBXFileReference; fileEncoding = 4; lastKnownFileType = sourcecode.swift; path = PhotoModel.swift; sourceTree = "<group>"; };
		04DC13021DA98514007BB92C /* NetworkModel.swift */ = {isa = PBXFileReference; fileEncoding = 4; lastKnownFileType = sourcecode.swift; path = NetworkModel.swift; sourceTree = "<group>"; };
		04DC13041DA98FB0007BB92C /* PhotoGettingWrapper.swift */ = {isa = PBXFileReference; fileEncoding = 4; lastKnownFileType = sourcecode.swift; path = PhotoGettingWrapper.swift; sourceTree = "<group>"; };
		04DC13061DA994D5007BB92C /* FlickrParsingHandler.swift */ = {isa = PBXFileReference; fileEncoding = 4; lastKnownFileType = sourcecode.swift; path = FlickrParsingHandler.swift; sourceTree = "<group>"; };
		08586D657D73984F8D8EBEC2 /* Pods_Flickr_FinderUITests.framework */ = {isa = PBXFileReference; explicitFileType = wrapper.framework; includeInIndex = 0; path = Pods_Flickr_FinderUITests.framework; sourceTree = BUILT_PRODUCTS_DIR; };
		12A41DEFB87F1CB62C620A1A /* Pods-Flickr FinderTests.release.xcconfig */ = {isa = PBXFileReference; includeInIndex = 1; lastKnownFileType = text.xcconfig; name = "Pods-Flickr FinderTests.release.xcconfig"; path = "Pods/Target Support Files/Pods-Flickr FinderTests/Pods-Flickr FinderTests.release.xcconfig"; sourceTree = "<group>"; };
		48527E312A14087011D13332 /* Pods-Flickr Finder.release.xcconfig */ = {isa = PBXFileReference; includeInIndex = 1; lastKnownFileType = text.xcconfig; name = "Pods-Flickr Finder.release.xcconfig"; path = "Pods/Target Support Files/Pods-Flickr Finder/Pods-Flickr Finder.release.xcconfig"; sourceTree = "<group>"; };
		5876A8E9399B7EBBEA6D89C1 /* Pods-Flickr FinderUITests.release.xcconfig */ = {isa = PBXFileReference; includeInIndex = 1; lastKnownFileType = text.xcconfig; name = "Pods-Flickr FinderUITests.release.xcconfig"; path = "Pods/Target Support Files/Pods-Flickr FinderUITests/Pods-Flickr FinderUITests.release.xcconfig"; sourceTree = "<group>"; };
		59395D6F6C0D36B7AED8158E /* Pods_Flickr_Finder.framework */ = {isa = PBXFileReference; explicitFileType = wrapper.framework; includeInIndex = 0; path = Pods_Flickr_Finder.framework; sourceTree = BUILT_PRODUCTS_DIR; };
		5DC3520F4D17E686C5562067 /* Pods-Flickr FinderTests.debug.xcconfig */ = {isa = PBXFileReference; includeInIndex = 1; lastKnownFileType = text.xcconfig; name = "Pods-Flickr FinderTests.debug.xcconfig"; path = "Pods/Target Support Files/Pods-Flickr FinderTests/Pods-Flickr FinderTests.debug.xcconfig"; sourceTree = "<group>"; };
		67C0A91B7C8608DCF8DF7C5E /* Pods-Flickr FinderUITests.debug.xcconfig */ = {isa = PBXFileReference; includeInIndex = 1; lastKnownFileType = text.xcconfig; name = "Pods-Flickr FinderUITests.debug.xcconfig"; path = "Pods/Target Support Files/Pods-Flickr FinderUITests/Pods-Flickr FinderUITests.debug.xcconfig"; sourceTree = "<group>"; };
		92E86606F974BDFD5BCB1B45 /* Pods_Flickr_FinderTests.framework */ = {isa = PBXFileReference; explicitFileType = wrapper.framework; includeInIndex = 0; path = Pods_Flickr_FinderTests.framework; sourceTree = BUILT_PRODUCTS_DIR; };
		9AD799D529339B107D4F5999 /* Pods-Flickr Finder.debug.xcconfig */ = {isa = PBXFileReference; includeInIndex = 1; lastKnownFileType = text.xcconfig; name = "Pods-Flickr Finder.debug.xcconfig"; path = "Pods/Target Support Files/Pods-Flickr Finder/Pods-Flickr Finder.debug.xcconfig"; sourceTree = "<group>"; };
/* End PBXFileReference section */

/* Begin PBXFrameworksBuildPhase section */
		0415BF311DA7EAA10095B73B /* Frameworks */ = {
			isa = PBXFrameworksBuildPhase;
			buildActionMask = 2147483647;
			files = (
				2AF5B5857E1EBB5A3EFBE424 /* Pods_Flickr_Finder.framework in Frameworks */,
			);
			runOnlyForDeploymentPostprocessing = 0;
		};
		0415BF451DA7EAA10095B73B /* Frameworks */ = {
			isa = PBXFrameworksBuildPhase;
			buildActionMask = 2147483647;
			files = (
				A2FA38BBE34506CA52836EF5 /* Pods_Flickr_FinderTests.framework in Frameworks */,
			);
			runOnlyForDeploymentPostprocessing = 0;
		};
		0415BF501DA7EAA10095B73B /* Frameworks */ = {
			isa = PBXFrameworksBuildPhase;
			buildActionMask = 2147483647;
			files = (
				D7A403DD1954F20CD84620F3 /* Pods_Flickr_FinderUITests.framework in Frameworks */,
			);
			runOnlyForDeploymentPostprocessing = 0;
		};
/* End PBXFrameworksBuildPhase section */

/* Begin PBXGroup section */
		0415BF2B1DA7EAA10095B73B = {
			isa = PBXGroup;
			children = (
				0415BF361DA7EAA10095B73B /* Flickr Finder */,
				0415BF4B1DA7EAA10095B73B /* Flickr FinderTests */,
				0415BF561DA7EAA10095B73B /* Flickr FinderUITests */,
				0415BF351DA7EAA10095B73B /* Products */,
				75E69DA6923D76B45D3D81CE /* Pods */,
				5041399967BE6DC5EBBB5A53 /* Frameworks */,
			);
			sourceTree = "<group>";
		};
		0415BF351DA7EAA10095B73B /* Products */ = {
			isa = PBXGroup;
			children = (
				0415BF341DA7EAA10095B73B /* Flickr Finder.app */,
				0415BF481DA7EAA10095B73B /* Flickr FinderTests.xctest */,
				0415BF531DA7EAA10095B73B /* Flickr FinderUITests.xctest */,
			);
			name = Products;
			sourceTree = "<group>";
		};
		0415BF361DA7EAA10095B73B /* Flickr Finder */ = {
			isa = PBXGroup;
			children = (
				047C72021DA7FB2400319DC9 /* App Delegate */,
				047C72001DA7FB1100319DC9 /* View Controllers */,
				047C72041DA7FB3400319DC9 /* Storyboards and Views */,
				047C72011DA7FB1A00319DC9 /* Custom Views */,
				047C72071DA7FE9700319DC9 /* Models */,
				047C72031DA7FB2B00319DC9 /* Supporting Files */,
			);
			path = "Flickr Finder";
			sourceTree = "<group>";
		};
		0415BF4B1DA7EAA10095B73B /* Flickr FinderTests */ = {
			isa = PBXGroup;
			children = (
				0415BF4C1DA7EAA10095B73B /* Flickr_FinderTests.swift */,
				0415BF4E1DA7EAA10095B73B /* Info.plist */,
			);
			path = "Flickr FinderTests";
			sourceTree = "<group>";
		};
		0415BF561DA7EAA10095B73B /* Flickr FinderUITests */ = {
			isa = PBXGroup;
			children = (
				0415BF571DA7EAA10095B73B /* Flickr_FinderUITests.swift */,
				0415BF591DA7EAA10095B73B /* Info.plist */,
			);
			path = "Flickr FinderUITests";
			sourceTree = "<group>";
		};
		047C72001DA7FB1100319DC9 /* View Controllers */ = {
			isa = PBXGroup;
			children = (
				0415BF391DA7EAA10095B73B /* SearchViewController.swift */,
			);
			name = "View Controllers";
			sourceTree = "<group>";
		};
		047C72011DA7FB1A00319DC9 /* Custom Views */ = {
			isa = PBXGroup;
			children = (
				047C72051DA7FD1900319DC9 /* PhotoCellTableViewCell.swift */,
			);
			name = "Custom Views";
			sourceTree = "<group>";
		};
		047C72021DA7FB2400319DC9 /* App Delegate */ = {
			isa = PBXGroup;
			children = (
				0415BF371DA7EAA10095B73B /* AppDelegate.swift */,
			);
			name = "App Delegate";
			sourceTree = "<group>";
		};
		047C72031DA7FB2B00319DC9 /* Supporting Files */ = {
			isa = PBXGroup;
			children = (
				0415BF3E1DA7EAA10095B73B /* Assets.xcassets */,
				0415BF431DA7EAA10095B73B /* Info.plist */,
			);
			name = "Supporting Files";
			sourceTree = "<group>";
		};
		047C72041DA7FB3400319DC9 /* Storyboards and Views */ = {
			isa = PBXGroup;
			children = (
				0415BF3B1DA7EAA10095B73B /* Main.storyboard */,
				0415BF401DA7EAA10095B73B /* LaunchScreen.storyboard */,
			);
			name = "Storyboards and Views";
			sourceTree = "<group>";
		};
		047C72071DA7FE9700319DC9 /* Models */ = {
			isa = PBXGroup;
			children = (
				047C720C1DA7FF5400319DC9 /* Constants.swift */,
				04DC13041DA98FB0007BB92C /* PhotoGettingWrapper.swift */,
				04DC13021DA98514007BB92C /* NetworkModel.swift */,
				04DC13001DA983C8007BB92C /* PhotoModel.swift */,
				04DC13061DA994D5007BB92C /* FlickrParsingHandler.swift */,
			);
			name = Models;
			sourceTree = "<group>";
		};
		5041399967BE6DC5EBBB5A53 /* Frameworks */ = {
			isa = PBXGroup;
			children = (
				59395D6F6C0D36B7AED8158E /* Pods_Flickr_Finder.framework */,
				92E86606F974BDFD5BCB1B45 /* Pods_Flickr_FinderTests.framework */,
				08586D657D73984F8D8EBEC2 /* Pods_Flickr_FinderUITests.framework */,
			);
			name = Frameworks;
			sourceTree = "<group>";
		};
		75E69DA6923D76B45D3D81CE /* Pods */ = {
			isa = PBXGroup;
			children = (
				9AD799D529339B107D4F5999 /* Pods-Flickr Finder.debug.xcconfig */,
				48527E312A14087011D13332 /* Pods-Flickr Finder.release.xcconfig */,
				5DC3520F4D17E686C5562067 /* Pods-Flickr FinderTests.debug.xcconfig */,
				12A41DEFB87F1CB62C620A1A /* Pods-Flickr FinderTests.release.xcconfig */,
				67C0A91B7C8608DCF8DF7C5E /* Pods-Flickr FinderUITests.debug.xcconfig */,
				5876A8E9399B7EBBEA6D89C1 /* Pods-Flickr FinderUITests.release.xcconfig */,
			);
			name = Pods;
			sourceTree = "<group>";
		};
/* End PBXGroup section */

/* Begin PBXNativeTarget section */
		0415BF331DA7EAA10095B73B /* Flickr Finder */ = {
			isa = PBXNativeTarget;
			buildConfigurationList = 0415BF5C1DA7EAA10095B73B /* Build configuration list for PBXNativeTarget "Flickr Finder" */;
			buildPhases = (
				245A57A7DE481D2E5607BD25 /* [CP] Check Pods Manifest.lock */,
				0415BF301DA7EAA10095B73B /* Sources */,
				0415BF311DA7EAA10095B73B /* Frameworks */,
				0415BF321DA7EAA10095B73B /* Resources */,
				589A13838362D668F13392B7 /* [CP] Embed Pods Frameworks */,
				E8FFF0F6954F4EAA37DB6FEA /* [CP] Copy Pods Resources */,
			);
			buildRules = (
			);
			dependencies = (
			);
			name = "Flickr Finder";
			productName = "Flickr Finder";
			productReference = 0415BF341DA7EAA10095B73B /* Flickr Finder.app */;
			productType = "com.apple.product-type.application";
		};
		0415BF471DA7EAA10095B73B /* Flickr FinderTests */ = {
			isa = PBXNativeTarget;
			buildConfigurationList = 0415BF5F1DA7EAA10095B73B /* Build configuration list for PBXNativeTarget "Flickr FinderTests" */;
			buildPhases = (
				B0A6A710E3C0736EFE1E04BD /* [CP] Check Pods Manifest.lock */,
				0415BF441DA7EAA10095B73B /* Sources */,
				0415BF451DA7EAA10095B73B /* Frameworks */,
				0415BF461DA7EAA10095B73B /* Resources */,
				B079DD4DEF730A3F21613E8F /* [CP] Embed Pods Frameworks */,
				F2B8B567AEB3A81CB3B49715 /* [CP] Copy Pods Resources */,
			);
			buildRules = (
			);
			dependencies = (
				0415BF4A1DA7EAA10095B73B /* PBXTargetDependency */,
			);
			name = "Flickr FinderTests";
			productName = "Flickr FinderTests";
			productReference = 0415BF481DA7EAA10095B73B /* Flickr FinderTests.xctest */;
			productType = "com.apple.product-type.bundle.unit-test";
		};
		0415BF521DA7EAA10095B73B /* Flickr FinderUITests */ = {
			isa = PBXNativeTarget;
			buildConfigurationList = 0415BF621DA7EAA10095B73B /* Build configuration list for PBXNativeTarget "Flickr FinderUITests" */;
			buildPhases = (
				395C21B80DC06875B6EA3B60 /* [CP] Check Pods Manifest.lock */,
				0415BF4F1DA7EAA10095B73B /* Sources */,
				0415BF501DA7EAA10095B73B /* Frameworks */,
				0415BF511DA7EAA10095B73B /* Resources */,
				5AAB978BB7B3E2C1F1826182 /* [CP] Embed Pods Frameworks */,
				1FD0E4D01EB9224B1E528E16 /* [CP] Copy Pods Resources */,
			);
			buildRules = (
			);
			dependencies = (
				0415BF551DA7EAA10095B73B /* PBXTargetDependency */,
			);
			name = "Flickr FinderUITests";
			productName = "Flickr FinderUITests";
			productReference = 0415BF531DA7EAA10095B73B /* Flickr FinderUITests.xctest */;
			productType = "com.apple.product-type.bundle.ui-testing";
		};
/* End PBXNativeTarget section */

/* Begin PBXProject section */
		0415BF2C1DA7EAA10095B73B /* Project object */ = {
			isa = PBXProject;
			attributes = {
				LastSwiftUpdateCheck = 0800;
				LastUpgradeCheck = 0800;
				ORGANIZATIONNAME = "Mohamed Sayed";
				TargetAttributes = {
					0415BF331DA7EAA10095B73B = {
						CreatedOnToolsVersion = 8.0;
						ProvisioningStyle = Automatic;
					};
					0415BF471DA7EAA10095B73B = {
						CreatedOnToolsVersion = 8.0;
						ProvisioningStyle = Automatic;
						TestTargetID = 0415BF331DA7EAA10095B73B;
					};
					0415BF521DA7EAA10095B73B = {
						CreatedOnToolsVersion = 8.0;
						ProvisioningStyle = Automatic;
						TestTargetID = 0415BF331DA7EAA10095B73B;
					};
				};
			};
			buildConfigurationList = 0415BF2F1DA7EAA10095B73B /* Build configuration list for PBXProject "Flickr Finder" */;
			compatibilityVersion = "Xcode 3.2";
			developmentRegion = English;
			hasScannedForEncodings = 0;
			knownRegions = (
				en,
				Base,
			);
			mainGroup = 0415BF2B1DA7EAA10095B73B;
			productRefGroup = 0415BF351DA7EAA10095B73B /* Products */;
			projectDirPath = "";
			projectRoot = "";
			targets = (
				0415BF331DA7EAA10095B73B /* Flickr Finder */,
				0415BF471DA7EAA10095B73B /* Flickr FinderTests */,
				0415BF521DA7EAA10095B73B /* Flickr FinderUITests */,
			);
		};
/* End PBXProject section */

/* Begin PBXResourcesBuildPhase section */
		0415BF321DA7EAA10095B73B /* Resources */ = {
			isa = PBXResourcesBuildPhase;
			buildActionMask = 2147483647;
			files = (
				0415BF421DA7EAA10095B73B /* LaunchScreen.storyboard in Resources */,
				0415BF3F1DA7EAA10095B73B /* Assets.xcassets in Resources */,
				0415BF3D1DA7EAA10095B73B /* Main.storyboard in Resources */,
			);
			runOnlyForDeploymentPostprocessing = 0;
		};
		0415BF461DA7EAA10095B73B /* Resources */ = {
			isa = PBXResourcesBuildPhase;
			buildActionMask = 2147483647;
			files = (
			);
			runOnlyForDeploymentPostprocessing = 0;
		};
		0415BF511DA7EAA10095B73B /* Resources */ = {
			isa = PBXResourcesBuildPhase;
			buildActionMask = 2147483647;
			files = (
			);
			runOnlyForDeploymentPostprocessing = 0;
		};
/* End PBXResourcesBuildPhase section */

/* Begin PBXShellScriptBuildPhase section */
		1FD0E4D01EB9224B1E528E16 /* [CP] Copy Pods Resources */ = {
			isa = PBXShellScriptBuildPhase;
			buildActionMask = 2147483647;
			files = (
			);
			inputPaths = (
			);
			name = "[CP] Copy Pods Resources";
			outputPaths = (
			);
			runOnlyForDeploymentPostprocessing = 0;
			shellPath = /bin/sh;
			shellScript = "\"${SRCROOT}/Pods/Target Support Files/Pods-Flickr FinderUITests/Pods-Flickr FinderUITests-resources.sh\"\n";
			showEnvVarsInLog = 0;
		};
		245A57A7DE481D2E5607BD25 /* [CP] Check Pods Manifest.lock */ = {
			isa = PBXShellScriptBuildPhase;
			buildActionMask = 2147483647;
			files = (
			);
			inputPaths = (
			);
			name = "[CP] Check Pods Manifest.lock";
			outputPaths = (
			);
			runOnlyForDeploymentPostprocessing = 0;
			shellPath = /bin/sh;
			shellScript = "diff \"${PODS_ROOT}/../Podfile.lock\" \"${PODS_ROOT}/Manifest.lock\" > /dev/null\nif [ $? != 0 ] ; then\n    # print error to STDERR\n    echo \"error: The sandbox is not in sync with the Podfile.lock. Run 'pod install' or update your CocoaPods installation.\" >&2\n    exit 1\nfi\n";
			showEnvVarsInLog = 0;
		};
		395C21B80DC06875B6EA3B60 /* [CP] Check Pods Manifest.lock */ = {
			isa = PBXShellScriptBuildPhase;
			buildActionMask = 2147483647;
			files = (
			);
			inputPaths = (
			);
			name = "[CP] Check Pods Manifest.lock";
			outputPaths = (
			);
			runOnlyForDeploymentPostprocessing = 0;
			shellPath = /bin/sh;
			shellScript = "diff \"${PODS_ROOT}/../Podfile.lock\" \"${PODS_ROOT}/Manifest.lock\" > /dev/null\nif [ $? != 0 ] ; then\n    # print error to STDERR\n    echo \"error: The sandbox is not in sync with the Podfile.lock. Run 'pod install' or update your CocoaPods installation.\" >&2\n    exit 1\nfi\n";
			showEnvVarsInLog = 0;
		};
		589A13838362D668F13392B7 /* [CP] Embed Pods Frameworks */ = {
			isa = PBXShellScriptBuildPhase;
			buildActionMask = 2147483647;
			files = (
			);
			inputPaths = (
			);
			name = "[CP] Embed Pods Frameworks";
			outputPaths = (
			);
			runOnlyForDeploymentPostprocessing = 0;
			shellPath = /bin/sh;
			shellScript = "\"${SRCROOT}/Pods/Target Support Files/Pods-Flickr Finder/Pods-Flickr Finder-frameworks.sh\"\n";
			showEnvVarsInLog = 0;
		};
		5AAB978BB7B3E2C1F1826182 /* [CP] Embed Pods Frameworks */ = {
			isa = PBXShellScriptBuildPhase;
			buildActionMask = 2147483647;
			files = (
			);
			inputPaths = (
			);
			name = "[CP] Embed Pods Frameworks";
			outputPaths = (
			);
			runOnlyForDeploymentPostprocessing = 0;
			shellPath = /bin/sh;
			shellScript = "\"${SRCROOT}/Pods/Target Support Files/Pods-Flickr FinderUITests/Pods-Flickr FinderUITests-frameworks.sh\"\n";
			showEnvVarsInLog = 0;
		};
		B079DD4DEF730A3F21613E8F /* [CP] Embed Pods Frameworks */ = {
			isa = PBXShellScriptBuildPhase;
			buildActionMask = 2147483647;
			files = (
			);
			inputPaths = (
			);
			name = "[CP] Embed Pods Frameworks";
			outputPaths = (
			);
			runOnlyForDeploymentPostprocessing = 0;
			shellPath = /bin/sh;
			shellScript = "\"${SRCROOT}/Pods/Target Support Files/Pods-Flickr FinderTests/Pods-Flickr FinderTests-frameworks.sh\"\n";
			showEnvVarsInLog = 0;
		};
		B0A6A710E3C0736EFE1E04BD /* [CP] Check Pods Manifest.lock */ = {
			isa = PBXShellScriptBuildPhase;
			buildActionMask = 2147483647;
			files = (
			);
			inputPaths = (
			);
			name = "[CP] Check Pods Manifest.lock";
			outputPaths = (
			);
			runOnlyForDeploymentPostprocessing = 0;
			shellPath = /bin/sh;
			shellScript = "diff \"${PODS_ROOT}/../Podfile.lock\" \"${PODS_ROOT}/Manifest.lock\" > /dev/null\nif [ $? != 0 ] ; then\n    # print error to STDERR\n    echo \"error: The sandbox is not in sync with the Podfile.lock. Run 'pod install' or update your CocoaPods installation.\" >&2\n    exit 1\nfi\n";
			showEnvVarsInLog = 0;
		};
		E8FFF0F6954F4EAA37DB6FEA /* [CP] Copy Pods Resources */ = {
			isa = PBXShellScriptBuildPhase;
			buildActionMask = 2147483647;
			files = (
			);
			inputPaths = (
			);
			name = "[CP] Copy Pods Resources";
			outputPaths = (
			);
			runOnlyForDeploymentPostprocessing = 0;
			shellPath = /bin/sh;
			shellScript = "\"${SRCROOT}/Pods/Target Support Files/Pods-Flickr Finder/Pods-Flickr Finder-resources.sh\"\n";
			showEnvVarsInLog = 0;
		};
		F2B8B567AEB3A81CB3B49715 /* [CP] Copy Pods Resources */ = {
			isa = PBXShellScriptBuildPhase;
			buildActionMask = 2147483647;
			files = (
			);
			inputPaths = (
			);
			name = "[CP] Copy Pods Resources";
			outputPaths = (
			);
			runOnlyForDeploymentPostprocessing = 0;
			shellPath = /bin/sh;
			shellScript = "\"${SRCROOT}/Pods/Target Support Files/Pods-Flickr FinderTests/Pods-Flickr FinderTests-resources.sh\"\n";
			showEnvVarsInLog = 0;
		};
/* End PBXShellScriptBuildPhase section */

/* Begin PBXSourcesBuildPhase section */
		0415BF301DA7EAA10095B73B /* Sources */ = {
			isa = PBXSourcesBuildPhase;
			buildActionMask = 2147483647;
			files = (
				04DC13031DA98514007BB92C /* NetworkModel.swift in Sources */,
				0415BF3A1DA7EAA10095B73B /* SearchViewController.swift in Sources */,
				04DC13071DA994D5007BB92C /* FlickrParsingHandler.swift in Sources */,
				047C72061DA7FD1900319DC9 /* PhotoCellTableViewCell.swift in Sources */,
				04DC13051DA98FB0007BB92C /* PhotoGettingWrapper.swift in Sources */,
				0415BF381DA7EAA10095B73B /* AppDelegate.swift in Sources */,
				04DC13011DA983C8007BB92C /* PhotoModel.swift in Sources */,
				047C720D1DA7FF5400319DC9 /* Constants.swift in Sources */,
			);
			runOnlyForDeploymentPostprocessing = 0;
		};
		0415BF441DA7EAA10095B73B /* Sources */ = {
			isa = PBXSourcesBuildPhase;
			buildActionMask = 2147483647;
			files = (
				0415BF4D1DA7EAA10095B73B /* Flickr_FinderTests.swift in Sources */,
				047C720E1DA7FF5400319DC9 /* Constants.swift in Sources */,
			);
			runOnlyForDeploymentPostprocessing = 0;
		};
		0415BF4F1DA7EAA10095B73B /* Sources */ = {
			isa = PBXSourcesBuildPhase;
			buildActionMask = 2147483647;
			files = (
				0415BF581DA7EAA10095B73B /* Flickr_FinderUITests.swift in Sources */,
				047C720F1DA7FF5400319DC9 /* Constants.swift in Sources */,
			);
			runOnlyForDeploymentPostprocessing = 0;
		};
/* End PBXSourcesBuildPhase section */

/* Begin PBXTargetDependency section */
		0415BF4A1DA7EAA10095B73B /* PBXTargetDependency */ = {
			isa = PBXTargetDependency;
			target = 0415BF331DA7EAA10095B73B /* Flickr Finder */;
			targetProxy = 0415BF491DA7EAA10095B73B /* PBXContainerItemProxy */;
		};
		0415BF551DA7EAA10095B73B /* PBXTargetDependency */ = {
			isa = PBXTargetDependency;
			target = 0415BF331DA7EAA10095B73B /* Flickr Finder */;
			targetProxy = 0415BF541DA7EAA10095B73B /* PBXContainerItemProxy */;
		};
/* End PBXTargetDependency section */

/* Begin PBXVariantGroup section */
		0415BF3B1DA7EAA10095B73B /* Main.storyboard */ = {
			isa = PBXVariantGroup;
			children = (
				0415BF3C1DA7EAA10095B73B /* Base */,
			);
			name = Main.storyboard;
			sourceTree = "<group>";
		};
		0415BF401DA7EAA10095B73B /* LaunchScreen.storyboard */ = {
			isa = PBXVariantGroup;
			children = (
				0415BF411DA7EAA10095B73B /* Base */,
			);
			name = LaunchScreen.storyboard;
			sourceTree = "<group>";
		};
/* End PBXVariantGroup section */

/* Begin XCBuildConfiguration section */
		0415BF5A1DA7EAA10095B73B /* Debug */ = {
			isa = XCBuildConfiguration;
			buildSettings = {
				ALWAYS_SEARCH_USER_PATHS = NO;
				CLANG_ANALYZER_NONNULL = YES;
				CLANG_CXX_LANGUAGE_STANDARD = "gnu++0x";
				CLANG_CXX_LIBRARY = "libc++";
				CLANG_ENABLE_MODULES = YES;
				CLANG_ENABLE_OBJC_ARC = YES;
				CLANG_WARN_BOOL_CONVERSION = YES;
				CLANG_WARN_CONSTANT_CONVERSION = YES;
				CLANG_WARN_DIRECT_OBJC_ISA_USAGE = YES_ERROR;
				CLANG_WARN_DOCUMENTATION_COMMENTS = YES;
				CLANG_WARN_EMPTY_BODY = YES;
				CLANG_WARN_ENUM_CONVERSION = YES;
				CLANG_WARN_INFINITE_RECURSION = YES;
				CLANG_WARN_INT_CONVERSION = YES;
				CLANG_WARN_OBJC_ROOT_CLASS = YES_ERROR;
				CLANG_WARN_SUSPICIOUS_MOVES = YES;
				CLANG_WARN_UNREACHABLE_CODE = YES;
				CLANG_WARN__DUPLICATE_METHOD_MATCH = YES;
				"CODE_SIGN_IDENTITY[sdk=iphoneos*]" = "iPhone Developer";
				COPY_PHASE_STRIP = NO;
				DEBUG_INFORMATION_FORMAT = dwarf;
				ENABLE_STRICT_OBJC_MSGSEND = YES;
				ENABLE_TESTABILITY = YES;
				GCC_C_LANGUAGE_STANDARD = gnu99;
				GCC_DYNAMIC_NO_PIC = NO;
				GCC_NO_COMMON_BLOCKS = YES;
				GCC_OPTIMIZATION_LEVEL = 0;
				GCC_PREPROCESSOR_DEFINITIONS = (
					"DEBUG=1",
					"$(inherited)",
				);
				GCC_WARN_64_TO_32_BIT_CONVERSION = YES;
				GCC_WARN_ABOUT_RETURN_TYPE = YES_ERROR;
				GCC_WARN_UNDECLARED_SELECTOR = YES;
				GCC_WARN_UNINITIALIZED_AUTOS = YES_AGGRESSIVE;
				GCC_WARN_UNUSED_FUNCTION = YES;
				GCC_WARN_UNUSED_VARIABLE = YES;
				IPHONEOS_DEPLOYMENT_TARGET = 10.0;
				MTL_ENABLE_DEBUG_INFO = YES;
				ONLY_ACTIVE_ARCH = YES;
				SDKROOT = iphoneos;
				SWIFT_ACTIVE_COMPILATION_CONDITIONS = DEBUG;
				SWIFT_OPTIMIZATION_LEVEL = "-Onone";
				TARGETED_DEVICE_FAMILY = "1,2";
			};
			name = Debug;
		};
		0415BF5B1DA7EAA10095B73B /* Release */ = {
			isa = XCBuildConfiguration;
			buildSettings = {
				ALWAYS_SEARCH_USER_PATHS = NO;
				CLANG_ANALYZER_NONNULL = YES;
				CLANG_CXX_LANGUAGE_STANDARD = "gnu++0x";
				CLANG_CXX_LIBRARY = "libc++";
				CLANG_ENABLE_MODULES = YES;
				CLANG_ENABLE_OBJC_ARC = YES;
				CLANG_WARN_BOOL_CONVERSION = YES;
				CLANG_WARN_CONSTANT_CONVERSION = YES;
				CLANG_WARN_DIRECT_OBJC_ISA_USAGE = YES_ERROR;
				CLANG_WARN_DOCUMENTATION_COMMENTS = YES;
				CLANG_WARN_EMPTY_BODY = YES;
				CLANG_WARN_ENUM_CONVERSION = YES;
				CLANG_WARN_INFINITE_RECURSION = YES;
				CLANG_WARN_INT_CONVERSION = YES;
				CLANG_WARN_OBJC_ROOT_CLASS = YES_ERROR;
				CLANG_WARN_SUSPICIOUS_MOVES = YES;
				CLANG_WARN_UNREACHABLE_CODE = YES;
				CLANG_WARN__DUPLICATE_METHOD_MATCH = YES;
				"CODE_SIGN_IDENTITY[sdk=iphoneos*]" = "iPhone Developer";
				COPY_PHASE_STRIP = NO;
				DEBUG_INFORMATION_FORMAT = "dwarf-with-dsym";
				ENABLE_NS_ASSERTIONS = NO;
				ENABLE_STRICT_OBJC_MSGSEND = YES;
				GCC_C_LANGUAGE_STANDARD = gnu99;
				GCC_NO_COMMON_BLOCKS = YES;
				GCC_WARN_64_TO_32_BIT_CONVERSION = YES;
				GCC_WARN_ABOUT_RETURN_TYPE = YES_ERROR;
				GCC_WARN_UNDECLARED_SELECTOR = YES;
				GCC_WARN_UNINITIALIZED_AUTOS = YES_AGGRESSIVE;
				GCC_WARN_UNUSED_FUNCTION = YES;
				GCC_WARN_UNUSED_VARIABLE = YES;
				IPHONEOS_DEPLOYMENT_TARGET = 10.0;
				MTL_ENABLE_DEBUG_INFO = NO;
				SDKROOT = iphoneos;
				SWIFT_OPTIMIZATION_LEVEL = "-Owholemodule";
				TARGETED_DEVICE_FAMILY = "1,2";
				VALIDATE_PRODUCT = YES;
			};
			name = Release;
		};
		0415BF5D1DA7EAA10095B73B /* Debug */ = {
			isa = XCBuildConfiguration;
			baseConfigurationReference = 9AD799D529339B107D4F5999 /* Pods-Flickr Finder.debug.xcconfig */;
			buildSettings = {
				ASSETCATALOG_COMPILER_APPICON_NAME = AppIcon;
				INFOPLIST_FILE = "Flickr Finder/Info.plist";
				IPHONEOS_DEPLOYMENT_TARGET = 9.0;
				LD_RUNPATH_SEARCH_PATHS = "$(inherited) @executable_path/Frameworks";
				PRODUCT_BUNDLE_IDENTIFIER = "Mobiquity.Flickr-Finder";
				PRODUCT_NAME = "$(TARGET_NAME)";
				SWIFT_VERSION = 3.0;
			};
			name = Debug;
		};
		0415BF5E1DA7EAA10095B73B /* Release */ = {
			isa = XCBuildConfiguration;
			baseConfigurationReference = 48527E312A14087011D13332 /* Pods-Flickr Finder.release.xcconfig */;
			buildSettings = {
				ASSETCATALOG_COMPILER_APPICON_NAME = AppIcon;
				INFOPLIST_FILE = "Flickr Finder/Info.plist";
				IPHONEOS_DEPLOYMENT_TARGET = 9.0;
				LD_RUNPATH_SEARCH_PATHS = "$(inherited) @executable_path/Frameworks";
				PRODUCT_BUNDLE_IDENTIFIER = "Mobiquity.Flickr-Finder";
				PRODUCT_NAME = "$(TARGET_NAME)";
				SWIFT_VERSION = 3.0;
			};
			name = Release;
		};
		0415BF601DA7EAA10095B73B /* Debug */ = {
			isa = XCBuildConfiguration;
			baseConfigurationReference = 5DC3520F4D17E686C5562067 /* Pods-Flickr FinderTests.debug.xcconfig */;
			buildSettings = {
				ALWAYS_EMBED_SWIFT_STANDARD_LIBRARIES = YES;
				BUNDLE_LOADER = "$(TEST_HOST)";
				INFOPLIST_FILE = "Flickr FinderTests/Info.plist";
				LD_RUNPATH_SEARCH_PATHS = "$(inherited) @executable_path/Frameworks @loader_path/Frameworks";
				PRODUCT_BUNDLE_IDENTIFIER = "Mobiquity.Flickr-FinderTests";
				PRODUCT_NAME = "$(TARGET_NAME)";
				SWIFT_VERSION = 3.0;
				TEST_HOST = "$(BUILT_PRODUCTS_DIR)/Flickr Finder.app/Flickr Finder";
			};
			name = Debug;
		};
		0415BF611DA7EAA10095B73B /* Release */ = {
			isa = XCBuildConfiguration;
			baseConfigurationReference = 12A41DEFB87F1CB62C620A1A /* Pods-Flickr FinderTests.release.xcconfig */;
			buildSettings = {
				ALWAYS_EMBED_SWIFT_STANDARD_LIBRARIES = YES;
				BUNDLE_LOADER = "$(TEST_HOST)";
				INFOPLIST_FILE = "Flickr FinderTests/Info.plist";
				LD_RUNPATH_SEARCH_PATHS = "$(inherited) @executable_path/Frameworks @loader_path/Frameworks";
				PRODUCT_BUNDLE_IDENTIFIER = "Mobiquity.Flickr-FinderTests";
				PRODUCT_NAME = "$(TARGET_NAME)";
				SWIFT_VERSION = 3.0;
				TEST_HOST = "$(BUILT_PRODUCTS_DIR)/Flickr Finder.app/Flickr Finder";
			};
			name = Release;
		};
		0415BF631DA7EAA10095B73B /* Debug */ = {
			isa = XCBuildConfiguration;
			baseConfigurationReference = 67C0A91B7C8608DCF8DF7C5E /* Pods-Flickr FinderUITests.debug.xcconfig */;
			buildSettings = {
				ALWAYS_EMBED_SWIFT_STANDARD_LIBRARIES = YES;
				INFOPLIST_FILE = "Flickr FinderUITests/Info.plist";
				LD_RUNPATH_SEARCH_PATHS = "$(inherited) @executable_path/Frameworks @loader_path/Frameworks";
				PRODUCT_BUNDLE_IDENTIFIER = "Mobiquity.Flickr-FinderUITests";
				PRODUCT_NAME = "$(TARGET_NAME)";
				SWIFT_VERSION = 3.0;
				TEST_TARGET_NAME = "Flickr Finder";
			};
			name = Debug;
		};
		0415BF641DA7EAA10095B73B /* Release */ = {
			isa = XCBuildConfiguration;
			baseConfigurationReference = 5876A8E9399B7EBBEA6D89C1 /* Pods-Flickr FinderUITests.release.xcconfig */;
			buildSettings = {
				ALWAYS_EMBED_SWIFT_STANDARD_LIBRARIES = YES;
				INFOPLIST_FILE = "Flickr FinderUITests/Info.plist";
				LD_RUNPATH_SEARCH_PATHS = "$(inherited) @executable_path/Frameworks @loader_path/Frameworks";
				PRODUCT_BUNDLE_IDENTIFIER = "Mobiquity.Flickr-FinderUITests";
				PRODUCT_NAME = "$(TARGET_NAME)";
				SWIFT_VERSION = 3.0;
				TEST_TARGET_NAME = "Flickr Finder";
			};
			name = Release;
		};
/* End XCBuildConfiguration section */

/* Begin XCConfigurationList section */
		0415BF2F1DA7EAA10095B73B /* Build configuration list for PBXProject "Flickr Finder" */ = {
			isa = XCConfigurationList;
			buildConfigurations = (
				0415BF5A1DA7EAA10095B73B /* Debug */,
				0415BF5B1DA7EAA10095B73B /* Release */,
			);
			defaultConfigurationIsVisible = 0;
			defaultConfigurationName = Release;
		};
		0415BF5C1DA7EAA10095B73B /* Build configuration list for PBXNativeTarget "Flickr Finder" */ = {
			isa = XCConfigurationList;
			buildConfigurations = (
				0415BF5D1DA7EAA10095B73B /* Debug */,
				0415BF5E1DA7EAA10095B73B /* Release */,
			);
			defaultConfigurationIsVisible = 0;
			defaultConfigurationName = Release;
		};
		0415BF5F1DA7EAA10095B73B /* Build configuration list for PBXNativeTarget "Flickr FinderTests" */ = {
			isa = XCConfigurationList;
			buildConfigurations = (
				0415BF601DA7EAA10095B73B /* Debug */,
				0415BF611DA7EAA10095B73B /* Release */,
			);
			defaultConfigurationIsVisible = 0;
			defaultConfigurationName = Release;
		};
		0415BF621DA7EAA10095B73B /* Build configuration list for PBXNativeTarget "Flickr FinderUITests" */ = {
			isa = XCConfigurationList;
			buildConfigurations = (
				0415BF631DA7EAA10095B73B /* Debug */,
				0415BF641DA7EAA10095B73B /* Release */,
			);
			defaultConfigurationIsVisible = 0;
			defaultConfigurationName = Release;
		};
/* End XCConfigurationList section */
	};
	rootObject = 0415BF2C1DA7EAA10095B73B /* Project object */;
}
